// !$*UTF8*$!
{
	archiveVersion = 1;
	classes = {
	};
	objectVersion = 45;
	objects = {

/* Begin PBXBuildFile section */
		1D3623260D0F684500981E51 /* FJSpringBoardDemoAppDelegate.m in Sources */ = {isa = PBXBuildFile; fileRef = 1D3623250D0F684500981E51 /* FJSpringBoardDemoAppDelegate.m */; };
		1D60589B0D05DD56006BFB54 /* main.m in Sources */ = {isa = PBXBuildFile; fileRef = 29B97316FDCFA39411CA2CEA /* main.m */; };
		1D60589F0D05DD5A006BFB54 /* Foundation.framework in Frameworks */ = {isa = PBXBuildFile; fileRef = 1D30AB110D05D00D00671497 /* Foundation.framework */; };
		1DF5F4E00D08C38300B7A737 /* UIKit.framework in Frameworks */ = {isa = PBXBuildFile; fileRef = 1DF5F4DF0D08C38300B7A737 /* UIKit.framework */; };
		288765A50DF7441C002DB57D /* CoreGraphics.framework in Frameworks */ = {isa = PBXBuildFile; fileRef = 288765A40DF7441C002DB57D /* CoreGraphics.framework */; };
		2899E5220DE3E06400AC0155 /* FJGridViewViewController.xib in Resources */ = {isa = PBXBuildFile; fileRef = 2899E5210DE3E06400AC0155 /* FJGridViewViewController.xib */; };
		28AD733F0D9D9553002E5188 /* MainWindow.xib in Resources */ = {isa = PBXBuildFile; fileRef = 28AD733E0D9D9553002E5188 /* MainWindow.xib */; };
		28D7ACF80DDB3853001CB0EB /* FJSpringBoardDemoViewController.m in Sources */ = {isa = PBXBuildFile; fileRef = 28D7ACF70DDB3853001CB0EB /* FJSpringBoardDemoViewController.m */; };
		C44F5DCF1270D07B007E9850 /* FJSpringBoardCell.m in Sources */ = {isa = PBXBuildFile; fileRef = C44F5DCE1270D07B007E9850 /* FJSpringBoardCell.m */; };
		C47A350E127F33EE003889CA /* FJSpringBoardUtilities.m in Sources */ = {isa = PBXBuildFile; fileRef = C47A350D127F33EE003889CA /* FJSpringBoardUtilities.m */; };
		C47A872412700C4700203213 /* FJSpringBoardView.m in Sources */ = {isa = PBXBuildFile; fileRef = C47A872312700C4700203213 /* FJSpringBoardView.m */; };
		C4A7DAA11283569D0097CFBD /* QuartzCore.framework in Frameworks */ = {isa = PBXBuildFile; fileRef = C4A7DAA01283569D0097CFBD /* QuartzCore.framework */; };
		C4A7DAF312835A700097CFBD /* close.png in Resources */ = {isa = PBXBuildFile; fileRef = C4A7DAF212835A700097CFBD /* close.png */; };
		C4A7DDE812848EA60097CFBD /* DemoModelObject.m in Sources */ = {isa = PBXBuildFile; fileRef = C4A7DDE712848EA60097CFBD /* DemoModelObject.m */; };
		C4A7DFBE1285B68F0097CFBD /* checkmark_off.png in Resources */ = {isa = PBXBuildFile; fileRef = C4A7DFBC1285B68F0097CFBD /* checkmark_off.png */; };
		C4A7DFBF1285B68F0097CFBD /* clipCheckMark.png in Resources */ = {isa = PBXBuildFile; fileRef = C4A7DFBD1285B68F0097CFBD /* clipCheckMark.png */; };
		C4ADBB951409702B00BE79D5 /* Functions.m in Sources */ = {isa = PBXBuildFile; fileRef = C4ADBB941409702B00BE79D5 /* Functions.m */; };
		C4ADBBB7140AA38A00BE79D5 /* FJSpringBoardActionItem.m in Sources */ = {isa = PBXBuildFile; fileRef = C4ADBBB6140AA38A00BE79D5 /* FJSpringBoardActionItem.m */; };
		C4F082B5127A08CF00F8BDBC /* FJSpringBoardLayout.m in Sources */ = {isa = PBXBuildFile; fileRef = C4F082B4127A08CF00F8BDBC /* FJSpringBoardLayout.m */; };
		C4F08513127C9B7700F8BDBC /* FJSpringBoardIndexLoader.m in Sources */ = {isa = PBXBuildFile; fileRef = C4F08512127C9B7700F8BDBC /* FJSpringBoardIndexLoader.m */; };
		C4F08556127CD2DC00F8BDBC /* FJSpringBoardVerticalLayout.m in Sources */ = {isa = PBXBuildFile; fileRef = C4F08555127CD2DC00F8BDBC /* FJSpringBoardVerticalLayout.m */; };
		C4F08559127CD2EE00F8BDBC /* FJSpringBoardHorizontalLayout.m in Sources */ = {isa = PBXBuildFile; fileRef = C4F08558127CD2EE00F8BDBC /* FJSpringBoardHorizontalLayout.m */; };
/* End PBXBuildFile section */

/* Begin PBXFileReference section */
		1D30AB110D05D00D00671497 /* Foundation.framework */ = {isa = PBXFileReference; lastKnownFileType = wrapper.framework; name = Foundation.framework; path = System/Library/Frameworks/Foundation.framework; sourceTree = SDKROOT; };
		1D3623240D0F684500981E51 /* FJSpringBoardDemoAppDelegate.h */ = {isa = PBXFileReference; fileEncoding = 4; lastKnownFileType = sourcecode.c.h; name = FJSpringBoardDemoAppDelegate.h; path = ../Demo/FJSpringBoardDemoAppDelegate.h; sourceTree = "<group>"; };
		1D3623250D0F684500981E51 /* FJSpringBoardDemoAppDelegate.m */ = {isa = PBXFileReference; fileEncoding = 4; lastKnownFileType = sourcecode.c.objc; name = FJSpringBoardDemoAppDelegate.m; path = ../Demo/FJSpringBoardDemoAppDelegate.m; sourceTree = "<group>"; };
		1D6058910D05DD3D006BFB54 /* FJSpringBoardDemo.app */ = {isa = PBXFileReference; explicitFileType = wrapper.application; includeInIndex = 0; path = FJSpringBoardDemo.app; sourceTree = BUILT_PRODUCTS_DIR; };
		1DF5F4DF0D08C38300B7A737 /* UIKit.framework */ = {isa = PBXFileReference; lastKnownFileType = wrapper.framework; name = UIKit.framework; path = System/Library/Frameworks/UIKit.framework; sourceTree = SDKROOT; };
		288765A40DF7441C002DB57D /* CoreGraphics.framework */ = {isa = PBXFileReference; lastKnownFileType = wrapper.framework; name = CoreGraphics.framework; path = System/Library/Frameworks/CoreGraphics.framework; sourceTree = SDKROOT; };
		2899E5210DE3E06400AC0155 /* FJGridViewViewController.xib */ = {isa = PBXFileReference; lastKnownFileType = file.xib; path = FJGridViewViewController.xib; sourceTree = "<group>"; };
		28AD733E0D9D9553002E5188 /* MainWindow.xib */ = {isa = PBXFileReference; lastKnownFileType = file.xib; path = MainWindow.xib; sourceTree = "<group>"; };
		28D7ACF60DDB3853001CB0EB /* FJSpringBoardDemoViewController.h */ = {isa = PBXFileReference; fileEncoding = 4; lastKnownFileType = sourcecode.c.h; name = FJSpringBoardDemoViewController.h; path = ../Demo/FJSpringBoardDemoViewController.h; sourceTree = "<group>"; };
		28D7ACF70DDB3853001CB0EB /* FJSpringBoardDemoViewController.m */ = {isa = PBXFileReference; fileEncoding = 4; lastKnownFileType = sourcecode.c.objc; name = FJSpringBoardDemoViewController.m; path = ../Demo/FJSpringBoardDemoViewController.m; sourceTree = "<group>"; };
		29B97316FDCFA39411CA2CEA /* main.m */ = {isa = PBXFileReference; fileEncoding = 4; lastKnownFileType = sourcecode.c.objc; path = main.m; sourceTree = "<group>"; };
		32CA4F630368D1EE00C91783 /* FJSpringBoardDemo_Prefix.pch */ = {isa = PBXFileReference; fileEncoding = 4; lastKnownFileType = sourcecode.c.h; path = FJSpringBoardDemo_Prefix.pch; sourceTree = "<group>"; };
		8D1107310486CEB800E47090 /* FJSpringBoardDemo-Info.plist */ = {isa = PBXFileReference; fileEncoding = 4; lastKnownFileType = text.plist.xml; path = "FJSpringBoardDemo-Info.plist"; plistStructureDefinitionIdentifier = "com.apple.xcode.plist.structure-definition.iphone.info-plist"; sourceTree = "<group>"; };
		C44F5DCD1270D07B007E9850 /* FJSpringBoardCell.h */ = {isa = PBXFileReference; fileEncoding = 4; lastKnownFileType = sourcecode.c.h; path = FJSpringBoardCell.h; sourceTree = "<group>"; };
		C44F5DCE1270D07B007E9850 /* FJSpringBoardCell.m */ = {isa = PBXFileReference; fileEncoding = 4; lastKnownFileType = sourcecode.c.objc; path = FJSpringBoardCell.m; sourceTree = "<group>"; };
		C47A3452127F189A003889CA /* MacroUtilities.h */ = {isa = PBXFileReference; fileEncoding = 4; lastKnownFileType = sourcecode.c.h; name = MacroUtilities.h; path = ../Demo/MacroUtilities.h; sourceTree = "<group>"; };
		C47A350C127F33EE003889CA /* FJSpringBoardUtilities.h */ = {isa = PBXFileReference; fileEncoding = 4; lastKnownFileType = sourcecode.c.h; path = FJSpringBoardUtilities.h; sourceTree = "<group>"; };
		C47A350D127F33EE003889CA /* FJSpringBoardUtilities.m */ = {isa = PBXFileReference; fileEncoding = 4; lastKnownFileType = sourcecode.c.objc; path = FJSpringBoardUtilities.m; sourceTree = "<group>"; };
		C47A872212700C4700203213 /* FJSpringBoardView.h */ = {isa = PBXFileReference; fileEncoding = 4; lastKnownFileType = sourcecode.c.h; path = FJSpringBoardView.h; sourceTree = "<group>"; };
		C47A872312700C4700203213 /* FJSpringBoardView.m */ = {isa = PBXFileReference; fileEncoding = 4; lastKnownFileType = sourcecode.c.objc; path = FJSpringBoardView.m; sourceTree = "<group>"; };
		C4A7DAA01283569D0097CFBD /* QuartzCore.framework */ = {isa = PBXFileReference; lastKnownFileType = wrapper.framework; name = QuartzCore.framework; path = System/Library/Frameworks/QuartzCore.framework; sourceTree = SDKROOT; };
		C4A7DAF212835A700097CFBD /* close.png */ = {isa = PBXFileReference; lastKnownFileType = image.png; path = close.png; sourceTree = "<group>"; };
		C4A7DDE612848EA60097CFBD /* DemoModelObject.h */ = {isa = PBXFileReference; fileEncoding = 4; lastKnownFileType = sourcecode.c.h; name = DemoModelObject.h; path = ../Demo/DemoModelObject.h; sourceTree = "<group>"; };
		C4A7DDE712848EA60097CFBD /* DemoModelObject.m */ = {isa = PBXFileReference; fileEncoding = 4; lastKnownFileType = sourcecode.c.objc; name = DemoModelObject.m; path = ../Demo/DemoModelObject.m; sourceTree = "<group>"; };
		C4A7DFBC1285B68F0097CFBD /* checkmark_off.png */ = {isa = PBXFileReference; lastKnownFileType = image.png; path = checkmark_off.png; sourceTree = "<group>"; };
		C4A7DFBD1285B68F0097CFBD /* clipCheckMark.png */ = {isa = PBXFileReference; lastKnownFileType = image.png; path = clipCheckMark.png; sourceTree = "<group>"; };
		C4ADBB931409702B00BE79D5 /* Functions.h */ = {isa = PBXFileReference; fileEncoding = 4; lastKnownFileType = sourcecode.c.h; path = Functions.h; sourceTree = "<group>"; };
		C4ADBB941409702B00BE79D5 /* Functions.m */ = {isa = PBXFileReference; fileEncoding = 4; lastKnownFileType = sourcecode.c.objc; path = Functions.m; sourceTree = "<group>"; };
		C4ADBBB2140A9DB700BE79D5 /* FJSpringBoardGroupCell.h */ = {isa = PBXFileReference; fileEncoding = 4; lastKnownFileType = sourcecode.c.h; path = FJSpringBoardGroupCell.h; sourceTree = "<group>"; };
		C4ADBBB3140A9DB700BE79D5 /* FJSpringBoardGroupCell.m */ = {isa = PBXFileReference; fileEncoding = 4; lastKnownFileType = sourcecode.c.objc; path = FJSpringBoardGroupCell.m; sourceTree = "<group>"; };
		C4ADBBB5140AA38A00BE79D5 /* FJSpringBoardActionItem.h */ = {isa = PBXFileReference; fileEncoding = 4; lastKnownFileType = sourcecode.c.h; path = FJSpringBoardActionItem.h; sourceTree = "<group>"; };
		C4ADBBB6140AA38A00BE79D5 /* FJSpringBoardActionItem.m */ = {isa = PBXFileReference; fileEncoding = 4; lastKnownFileType = sourcecode.c.objc; path = FJSpringBoardActionItem.m; sourceTree = "<group>"; };
		C4F082B3127A08CF00F8BDBC /* FJSpringBoardLayout.h */ = {isa = PBXFileReference; fileEncoding = 4; lastKnownFileType = sourcecode.c.h; path = FJSpringBoardLayout.h; sourceTree = "<group>"; };
		C4F082B4127A08CF00F8BDBC /* FJSpringBoardLayout.m */ = {isa = PBXFileReference; fileEncoding = 4; lastKnownFileType = sourcecode.c.objc; path = FJSpringBoardLayout.m; sourceTree = "<group>"; };
		C4F08511127C9B7700F8BDBC /* FJSpringBoardIndexLoader.h */ = {isa = PBXFileReference; fileEncoding = 4; lastKnownFileType = sourcecode.c.h; path = FJSpringBoardIndexLoader.h; sourceTree = "<group>"; };
		C4F08512127C9B7700F8BDBC /* FJSpringBoardIndexLoader.m */ = {isa = PBXFileReference; fileEncoding = 4; lastKnownFileType = sourcecode.c.objc; path = FJSpringBoardIndexLoader.m; sourceTree = "<group>"; };
		C4F08554127CD2DC00F8BDBC /* FJSpringBoardVerticalLayout.h */ = {isa = PBXFileReference; fileEncoding = 4; lastKnownFileType = sourcecode.c.h; path = FJSpringBoardVerticalLayout.h; sourceTree = "<group>"; };
		C4F08555127CD2DC00F8BDBC /* FJSpringBoardVerticalLayout.m */ = {isa = PBXFileReference; fileEncoding = 4; lastKnownFileType = sourcecode.c.objc; path = FJSpringBoardVerticalLayout.m; sourceTree = "<group>"; };
		C4F08557127CD2EE00F8BDBC /* FJSpringBoardHorizontalLayout.h */ = {isa = PBXFileReference; fileEncoding = 4; lastKnownFileType = sourcecode.c.h; path = FJSpringBoardHorizontalLayout.h; sourceTree = "<group>"; };
		C4F08558127CD2EE00F8BDBC /* FJSpringBoardHorizontalLayout.m */ = {isa = PBXFileReference; fileEncoding = 4; lastKnownFileType = sourcecode.c.objc; path = FJSpringBoardHorizontalLayout.m; sourceTree = "<group>"; };
/* End PBXFileReference section */

/* Begin PBXFrameworksBuildPhase section */
		1D60588F0D05DD3D006BFB54 /* Frameworks */ = {
			isa = PBXFrameworksBuildPhase;
			buildActionMask = 2147483647;
			files = (
				1D60589F0D05DD5A006BFB54 /* Foundation.framework in Frameworks */,
				1DF5F4E00D08C38300B7A737 /* UIKit.framework in Frameworks */,
				288765A50DF7441C002DB57D /* CoreGraphics.framework in Frameworks */,
				C4A7DAA11283569D0097CFBD /* QuartzCore.framework in Frameworks */,
			);
			runOnlyForDeploymentPostprocessing = 0;
		};
/* End PBXFrameworksBuildPhase section */

/* Begin PBXGroup section */
		080E96DDFE201D6D7F000001 /* Classes */ = {
			isa = PBXGroup;
			children = (
				C47A3F911281F035003889CA /* FJSpringBoard */,
				C47A3F901281F024003889CA /* Dependencies */,
				C47A3F8F1281F016003889CA /* Demo */,
			);
			path = Classes;
			sourceTree = "<group>";
		};
		19C28FACFE9D520D11CA2CBB /* Products */ = {
			isa = PBXGroup;
			children = (
				1D6058910D05DD3D006BFB54 /* FJSpringBoardDemo.app */,
			);
			name = Products;
			sourceTree = "<group>";
		};
		29B97314FDCFA39411CA2CEA /* CustomTemplate */ = {
			isa = PBXGroup;
			children = (
				080E96DDFE201D6D7F000001 /* Classes */,
				29B97315FDCFA39411CA2CEA /* Other Sources */,
				29B97317FDCFA39411CA2CEA /* Resources */,
				29B97323FDCFA39411CA2CEA /* Frameworks */,
				19C28FACFE9D520D11CA2CBB /* Products */,
			);
			name = CustomTemplate;
			sourceTree = "<group>";
		};
		29B97315FDCFA39411CA2CEA /* Other Sources */ = {
			isa = PBXGroup;
			children = (
				32CA4F630368D1EE00C91783 /* FJSpringBoardDemo_Prefix.pch */,
				29B97316FDCFA39411CA2CEA /* main.m */,
			);
			name = "Other Sources";
			sourceTree = "<group>";
		};
		29B97317FDCFA39411CA2CEA /* Resources */ = {
			isa = PBXGroup;
			children = (
				C4A7DFBC1285B68F0097CFBD /* checkmark_off.png */,
				C4A7DFBD1285B68F0097CFBD /* clipCheckMark.png */,
				C4A7DAF212835A700097CFBD /* close.png */,
				2899E5210DE3E06400AC0155 /* FJGridViewViewController.xib */,
				28AD733E0D9D9553002E5188 /* MainWindow.xib */,
				8D1107310486CEB800E47090 /* FJSpringBoardDemo-Info.plist */,
			);
			name = Resources;
			sourceTree = "<group>";
		};
		29B97323FDCFA39411CA2CEA /* Frameworks */ = {
			isa = PBXGroup;
			children = (
				1DF5F4DF0D08C38300B7A737 /* UIKit.framework */,
				1D30AB110D05D00D00671497 /* Foundation.framework */,
				288765A40DF7441C002DB57D /* CoreGraphics.framework */,
				C4A7DAA01283569D0097CFBD /* QuartzCore.framework */,
			);
			name = Frameworks;
			sourceTree = "<group>";
		};
		C40B231A128760E0005552A9 /* Index Management */ = {
			isa = PBXGroup;
			children = (
				C4F08511127C9B7700F8BDBC /* FJSpringBoardIndexLoader.h */,
				C4F08512127C9B7700F8BDBC /* FJSpringBoardIndexLoader.m */,
			);
			name = "Index Management";
			sourceTree = "<group>";
		};
		C47A3414127E575C003889CA /* Layout */ = {
			isa = PBXGroup;
			children = (
				C4F082B3127A08CF00F8BDBC /* FJSpringBoardLayout.h */,
				C4F082B4127A08CF00F8BDBC /* FJSpringBoardLayout.m */,
				C4F08554127CD2DC00F8BDBC /* FJSpringBoardVerticalLayout.h */,
				C4F08555127CD2DC00F8BDBC /* FJSpringBoardVerticalLayout.m */,
				C4F08557127CD2EE00F8BDBC /* FJSpringBoardHorizontalLayout.h */,
				C4F08558127CD2EE00F8BDBC /* FJSpringBoardHorizontalLayout.m */,
			);
			name = Layout;
			sourceTree = "<group>";
		};
		C47A3F8F1281F016003889CA /* Demo */ = {
			isa = PBXGroup;
			children = (
				C4ADBBB2140A9DB700BE79D5 /* FJSpringBoardGroupCell.h */,
				C4ADBBB3140A9DB700BE79D5 /* FJSpringBoardGroupCell.m */,
				1D3623240D0F684500981E51 /* FJSpringBoardDemoAppDelegate.h */,
				1D3623250D0F684500981E51 /* FJSpringBoardDemoAppDelegate.m */,
				28D7ACF60DDB3853001CB0EB /* FJSpringBoardDemoViewController.h */,
				28D7ACF70DDB3853001CB0EB /* FJSpringBoardDemoViewController.m */,
				C4A7DDE612848EA60097CFBD /* DemoModelObject.h */,
				C4A7DDE712848EA60097CFBD /* DemoModelObject.m */,
			);
			name = Demo;
			sourceTree = "<group>";
		};
		C47A3F901281F024003889CA /* Dependencies */ = {
			isa = PBXGroup;
			children = (
				C4ADBB931409702B00BE79D5 /* Functions.h */,
				C4ADBB941409702B00BE79D5 /* Functions.m */,
				C47A3452127F189A003889CA /* MacroUtilities.h */,
			);
			name = Dependencies;
			sourceTree = "<group>";
		};
		C47A3F911281F035003889CA /* FJSpringBoard */ = {
			isa = PBXGroup;
			children = (
				C47A872212700C4700203213 /* FJSpringBoardView.h */,
				C47A872312700C4700203213 /* FJSpringBoardView.m */,
				C44F5DCD1270D07B007E9850 /* FJSpringBoardCell.h */,
				C44F5DCE1270D07B007E9850 /* FJSpringBoardCell.m */,
				C4ADBBC4140AAED300BE79D5 /* Internal */,
			);
			name = FJSpringBoard;
			sourceTree = "<group>";
		};
		C4ADBBC3140AAE7400BE79D5 /* Action Item */ = {
			isa = PBXGroup;
			children = (
				C4ADBBB5140AA38A00BE79D5 /* FJSpringBoardActionItem.h */,
				C4ADBBB6140AA38A00BE79D5 /* FJSpringBoardActionItem.m */,
			);
			name = "Action Item";
			sourceTree = "<group>";
		};
		C4ADBBC4140AAED300BE79D5 /* Internal */ = {
			isa = PBXGroup;
			children = (
				C47A350C127F33EE003889CA /* FJSpringBoardUtilities.h */,
				C47A350D127F33EE003889CA /* FJSpringBoardUtilities.m */,
				C4ADBBC3140AAE7400BE79D5 /* Action Item */,
				C40B231A128760E0005552A9 /* Index Management */,
				C47A3414127E575C003889CA /* Layout */,
			);
			name = Internal;
			sourceTree = "<group>";
		};
/* End PBXGroup section */

/* Begin PBXNativeTarget section */
		1D6058900D05DD3D006BFB54 /* FJSpringBoardDemo */ = {
			isa = PBXNativeTarget;
			buildConfigurationList = 1D6058960D05DD3E006BFB54 /* Build configuration list for PBXNativeTarget "FJSpringBoardDemo" */;
			buildPhases = (
				1D60588D0D05DD3D006BFB54 /* Resources */,
				1D60588E0D05DD3D006BFB54 /* Sources */,
				1D60588F0D05DD3D006BFB54 /* Frameworks */,
			);
			buildRules = (
			);
			dependencies = (
			);
			name = FJSpringBoardDemo;
			productName = FJGridView;
			productReference = 1D6058910D05DD3D006BFB54 /* FJSpringBoardDemo.app */;
			productType = "com.apple.product-type.application";
		};
/* End PBXNativeTarget section */

/* Begin PBXProject section */
		29B97313FDCFA39411CA2CEA /* Project object */ = {
			isa = PBXProject;
			buildConfigurationList = C01FCF4E08A954540054247B /* Build configuration list for PBXProject "FJSpringBoardDemo" */;
			compatibilityVersion = "Xcode 3.1";
			developmentRegion = English;
			hasScannedForEncodings = 1;
			knownRegions = (
				English,
				Japanese,
				French,
				German,
			);
			mainGroup = 29B97314FDCFA39411CA2CEA /* CustomTemplate */;
			projectDirPath = "";
			projectRoot = "";
			targets = (
				1D6058900D05DD3D006BFB54 /* FJSpringBoardDemo */,
			);
		};
/* End PBXProject section */

/* Begin PBXResourcesBuildPhase section */
		1D60588D0D05DD3D006BFB54 /* Resources */ = {
			isa = PBXResourcesBuildPhase;
			buildActionMask = 2147483647;
			files = (
				28AD733F0D9D9553002E5188 /* MainWindow.xib in Resources */,
				2899E5220DE3E06400AC0155 /* FJGridViewViewController.xib in Resources */,
				C4A7DAF312835A700097CFBD /* close.png in Resources */,
				C4A7DFBE1285B68F0097CFBD /* checkmark_off.png in Resources */,
				C4A7DFBF1285B68F0097CFBD /* clipCheckMark.png in Resources */,
			);
			runOnlyForDeploymentPostprocessing = 0;
		};
/* End PBXResourcesBuildPhase section */

/* Begin PBXSourcesBuildPhase section */
		1D60588E0D05DD3D006BFB54 /* Sources */ = {
			isa = PBXSourcesBuildPhase;
			buildActionMask = 2147483647;
			files = (
				1D60589B0D05DD56006BFB54 /* main.m in Sources */,
				1D3623260D0F684500981E51 /* FJSpringBoardDemoAppDelegate.m in Sources */,
				28D7ACF80DDB3853001CB0EB /* FJSpringBoardDemoViewController.m in Sources */,
				C47A872412700C4700203213 /* FJSpringBoardView.m in Sources */,
				C44F5DCF1270D07B007E9850 /* FJSpringBoardCell.m in Sources */,
				C4F082B5127A08CF00F8BDBC /* FJSpringBoardLayout.m in Sources */,
				C4F08513127C9B7700F8BDBC /* FJSpringBoardIndexLoader.m in Sources */,
				C4F08556127CD2DC00F8BDBC /* FJSpringBoardVerticalLayout.m in Sources */,
				C4F08559127CD2EE00F8BDBC /* FJSpringBoardHorizontalLayout.m in Sources */,
				C47A350E127F33EE003889CA /* FJSpringBoardUtilities.m in Sources */,
				C4A7DDE812848EA60097CFBD /* DemoModelObject.m in Sources */,
				C4ADBB951409702B00BE79D5 /* Functions.m in Sources */,
				C4ADBBB7140AA38A00BE79D5 /* FJSpringBoardActionItem.m in Sources */,
			);
			runOnlyForDeploymentPostprocessing = 0;
		};
/* End PBXSourcesBuildPhase section */

/* Begin XCBuildConfiguration section */
		1D6058940D05DD3E006BFB54 /* Debug */ = {
			isa = XCBuildConfiguration;
			buildSettings = {
				ALWAYS_SEARCH_USER_PATHS = NO;
				"CODE_SIGN_IDENTITY[sdk=iphoneos*]" = "iPhone Developer";
				COPY_PHASE_STRIP = NO;
				GCC_DYNAMIC_NO_PIC = NO;
				GCC_OPTIMIZATION_LEVEL = 0;
				GCC_PRECOMPILE_PREFIX_HEADER = YES;
				GCC_PREFIX_HEADER = FJSpringBoardDemo_Prefix.pch;
				GCC_PREPROCESSOR_DEFINITIONS = "DEBUG=1";
				HEADER_SEARCH_PATHS = (
					"$(SRCROOT)/Demo",
					"$(SRCROOT)/Classes",
				);
				INFOPLIST_FILE = "FJSpringBoardDemo-Info.plist";
				IPHONEOS_DEPLOYMENT_TARGET = 4.1;
				PRODUCT_NAME = FJSpringBoardDemo;
				"PROVISIONING_PROFILE[sdk=iphoneos*]" = "";
				SDKROOT = iphoneos;
			};
			name = Debug;
		};
		1D6058950D05DD3E006BFB54 /* Release */ = {
			isa = XCBuildConfiguration;
			buildSettings = {
				ALWAYS_SEARCH_USER_PATHS = NO;
				COPY_PHASE_STRIP = YES;
				GCC_PRECOMPILE_PREFIX_HEADER = YES;
				GCC_PREFIX_HEADER = FJSpringBoardDemo_Prefix.pch;
				GCC_PREPROCESSOR_DEFINITIONS = "DEBUG=1";
				HEADER_SEARCH_PATHS = (
					"$(SRCROOT)/Demo",
					"$(SRCROOT)/Classes",
				);
				INFOPLIST_FILE = "FJSpringBoardDemo-Info.plist";
				IPHONEOS_DEPLOYMENT_TARGET = 4.1;
				PRODUCT_NAME = FJSpringBoardDemo;
				SDKROOT = iphoneos;
				VALIDATE_PRODUCT = YES;
			};
			name = Release;
		};
		C01FCF4F08A954540054247B /* Debug */ = {
			isa = XCBuildConfiguration;
			buildSettings = {
				ARCHS = "$(ARCHS_STANDARD_32_BIT)";
				"CODE_SIGN_IDENTITY[sdk=iphoneos*]" = "iPhone Developer";
				GCC_C_LANGUAGE_STANDARD = c99;
				GCC_WARN_ABOUT_RETURN_TYPE = YES;
				GCC_WARN_UNUSED_VARIABLE = YES;
				PREBINDING = NO;
				SDKROOT = iphoneos4.1;
			};
			name = Debug;
		};
		C01FCF5008A954540054247B /* Release */ = {
			isa = XCBuildConfiguration;
			buildSettings = {
				ARCHS = "$(ARCHS_STANDARD_32_BIT)";
				"CODE_SIGN_IDENTITY[sdk=iphoneos*]" = "iPhone Developer";
				GCC_C_LANGUAGE_STANDARD = c99;
				GCC_WARN_ABOUT_RETURN_TYPE = YES;
				GCC_WARN_UNUSED_VARIABLE = YES;
				OTHER_CFLAGS = "-DNS_BLOCK_ASSERTIONS=1";
				PREBINDING = NO;
				SDKROOT = iphoneos4.1;
			};
			name = Release;
		};
/* End XCBuildConfiguration section */

/* Begin XCConfigurationList section */
		1D6058960D05DD3E006BFB54 /* Build configuration list for PBXNativeTarget "FJSpringBoardDemo" */ = {
			isa = XCConfigurationList;
			buildConfigurations = (
				1D6058940D05DD3E006BFB54 /* Debug */,
				1D6058950D05DD3E006BFB54 /* Release */,
			);
			defaultConfigurationIsVisible = 0;
			defaultConfigurationName = Release;
		};
		C01FCF4E08A954540054247B /* Build configuration list for PBXProject "FJSpringBoardDemo" */ = {
			isa = XCConfigurationList;
			buildConfigurations = (
				C01FCF4F08A954540054247B /* Debug */,
				C01FCF5008A954540054247B /* Release */,
			);
			defaultConfigurationIsVisible = 0;
			defaultConfigurationName = Release;
		};
/* End XCConfigurationList section */
	};
	rootObject = 29B97313FDCFA39411CA2CEA /* Project object */;
}
